<?xml version="1.0" encoding="utf-8"?>
<Project ToolsVersion="4.0" xmlns="http://schemas.microsoft.com/developer/msbuild/2003">
  <ItemGroup>
    <Filter Include="Source Files">
      <UniqueIdentifier>{4FC737F1-C7A5-4376-A066-2A32D752A2FF}</UniqueIdentifier>
      <Extensions>cpp;c;cc;cxx;def;odl;idl;hpj;bat;asm;asmx</Extensions>
    </Filter>
    <Filter Include="Header Files">
      <UniqueIdentifier>{93995380-89BD-4b04-88EB-625FBE52EBFB}</UniqueIdentifier>
      <Extensions>h;hh;hpp;hxx;hm;inl;inc;xsd</Extensions>
    </Filter>
    <Filter Include="Resource Files">
      <UniqueIdentifier>{67DA6AB6-F800-4c08-8B7A-83BB121AAD01}</UniqueIdentifier>
      <Extensions>rc;ico;cur;bmp;dlg;rc2;rct;bin;rgs;gif;jpg;jpeg;jpe;resx;tiff;tif;png;wav;mfcribbon-ms</Extensions>
    </Filter>
  </ItemGroup>
  <ItemGroup>
    <ClCompile Include="cppcodegen.cpp">
      <Filter>Source Files</Filter>
    </ClCompile>
    <ClCompile Include="cpppwriter.cpp">
      <Filter>Source Files</Filter>
    </ClCompile>
    <ClCompile Include="json_stl_codegen.cpp">
      <Filter>Source Files</Filter>
    </ClCompile>
    <ClCompile Include="jsonreader.cpp">
      <Filter>Source Files</Filter>
    </ClCompile>
    <ClCompile Include="jsonwriter.cpp">
      <Filter>Source Files</Filter>
    </ClCompile>
    <ClCompile Include="language.cpp">
      <Filter>Source Files</Filter>
    </ClCompile>
    <ClCompile Include="reader.cpp">
      <Filter>Source Files</Filter>
    </ClCompile>
    <ClCompile Include="writer.cpp">
      <Filter>Source Files</Filter>
    </ClCompile>
    <ClCompile Include="xmlreader.cpp">
      <Filter>Source Files</Filter>
    </ClCompile>
    <ClCompile Include="cscodegen.cpp">
      <Filter>Source Files</Filter>
    </ClCompile>
    <ClCompile Include="json_cscodegen.cpp">
      <Filter>Source Files</Filter>
    </ClCompile>
    <ClCompile Include="cswriter.cpp">
      <Filter>Source Files</Filter>
    </ClCompile>
    <ClCompile Include="object.cpp">
      <Filter>Source Files</Filter>
    </ClCompile>
    <ClCompile Include="objectfactory_json.cpp">
      <Filter>Source Files</Filter>
    </ClCompile>
    <ClCompile Include="operation.cpp">
      <Filter>Source Files</Filter>
    </ClCompile>
    <ClCompile Include="codegencontext.cpp">
      <Filter>Source Files</Filter>
    </ClCompile>
    <ClCompile Include="cstyledocumentation.cpp">
      <Filter>Source Files</Filter>
    </ClCompile>
  </ItemGroup>
  <ItemGroup>
    <ClInclude Include="include\pidlBackend\config.h">
      <Filter>Header Files</Filter>
    </ClInclude>
    <ClInclude Include="include\pidlBackend\cppcodegen.h">
      <Filter>Header Files</Filter>
    </ClInclude>
    <ClInclude Include="include\pidlBackend\cppwriter.h">
      <Filter>Header Files</Filter>
    </ClInclude>
    <ClInclude Include="include\pidlBackend\json_stl_codegen.h">
      <Filter>Header Files</Filter>
    </ClInclude>
    <ClInclude Include="include\pidlBackend\jsonreader.h">
      <Filter>Header Files</Filter>
    </ClInclude>
    <ClInclude Include="include\pidlBackend\jsonwriter.h">
      <Filter>Header Files</Filter>
    </ClInclude>
    <ClInclude Include="include\pidlBackend\language.h">
      <Filter>Header Files</Filter>
    </ClInclude>
    <ClInclude Include="include\pidlBackend\reader.h">
      <Filter>Header Files</Filter>
    </ClInclude>
    <ClInclude Include="include\pidlBackend\writer.h">
      <Filter>Header Files</Filter>
    </ClInclude>
    <ClInclude Include="include\pidlBackend\xmlreader.h">
      <Filter>Header Files</Filter>
    </ClInclude>
    <ClInclude Include="include\pidlBackend\cscodegen.h">
      <Filter>Header Files</Filter>
    </ClInclude>
    <ClInclude Include="include\pidlBackend\json_cscodegen.h">
      <Filter>Header Files</Filter>
    </ClInclude>
    <ClInclude Include="include\pidlBackend\cswriter.h">
      <Filter>Header Files</Filter>
    </ClInclude>
    <ClInclude Include="include\pidlBackend\cppcodegenfactory_json.h">
      <Filter>Header Files</Filter>
    </ClInclude>
    <ClInclude Include="include\pidlBackend\cscodegenfactory_json.h">
      <Filter>Header Files</Filter>
    </ClInclude>
    <ClInclude Include="include\pidlBackend\object.h">
      <Filter>Header Files</Filter>
    </ClInclude>
    <ClInclude Include="include\pidlBackend\objectfactory_json.h">
      <Filter>Header Files</Filter>
    </ClInclude>
    <ClInclude Include="include\pidlBackend\readerfactory_json.h">
      <Filter>Header Files</Filter>
    </ClInclude>
    <ClInclude Include="include\pidlBackend\writerfactory_json.h">
      <Filter>Header Files</Filter>
    </ClInclude>
    <ClInclude Include="include\pidlBackend\operation.h">
      <Filter>Header Files</Filter>
    </ClInclude>
    <ClInclude Include="include\pidlBackend\operationfactory_json.h">
      <Filter>Header Files</Filter>
    </ClInclude>
    <ClInclude Include="include\pidlBackend\cstyledocumentation.h">
      <Filter>Header Files</Filter>
    </ClInclude>
    <ClInclude Include="include\pidlBackend\codegencontext.h">
      <Filter>Header Files</Filter>
    </ClInclude>
    <ClInclude Include="include\pidlBackend\cstyledocumentationfactory_json.h">
      <Filter>Header Files</Filter>
    </ClInclude>
  </ItemGroup>
</Project>